
Microsoft Visual Studio Solution File, Format Version 12.00
# Visual Studio Version 17
VisualStudioVersion = 17.5.33502.453
MinimumVisualStudioVersion = 10.0.40219.1
Project("{FAE04EC0-301F-11D3-BF4B-00C04F79EFBC}") = "CatalogService.API", "CatalogService.API\CatalogService.API.csproj", "{4454970E-7981-4A6D-972D-4B20D03B818F}"
EndProject
Project("{FAE04EC0-301F-11D3-BF4B-00C04F79EFBC}") = "CatalogService.DAL", "CatalogService.DAL\CatalogService.DAL.csproj", "{D956BB74-9494-47F7-8A82-96D1A3EB229E}"
EndProject
Project("{FAE04EC0-301F-11D3-BF4B-00C04F79EFBC}") = "CatalogService.BLL", "CatalogService.BLL\CatalogService.BLL.csproj", "{59B8DE34-9AC2-4729-8A60-AA95D938D189}"
EndProject
Project("{FAE04EC0-301F-11D3-BF4B-00C04F79EFBC}") = "CatalogService.Tests", "CatalogService.Tests\CatalogService.Tests.csproj", "{F514D2EB-2FC2-4561-8C4E-4459C7C6C979}"
EndProject
Global
	GlobalSection(SolutionConfigurationPlatforms) = preSolution
		Debug|Any CPU = Debug|Any CPU
		Release|Any CPU = Release|Any CPU
	EndGlobalSection
	GlobalSection(ProjectConfigurationPlatforms) = postSolution
		{4454970E-7981-4A6D-972D-4B20D03B818F}.Debug|Any CPU.ActiveCfg = Debug|Any CPU
		{4454970E-7981-4A6D-972D-4B20D03B818F}.Debug|Any CPU.Build.0 = Debug|Any CPU
		{4454970E-7981-4A6D-972D-4B20D03B818F}.Release|Any CPU.ActiveCfg = Release|Any CPU
		{4454970E-7981-4A6D-972D-4B20D03B818F}.Release|Any CPU.Build.0 = Release|Any CPU
		{D956BB74-9494-47F7-8A82-96D1A3EB229E}.Debug|Any CPU.ActiveCfg = Debug|Any CPU
		{D956BB74-9494-47F7-8A82-96D1A3EB229E}.Debug|Any CPU.Build.0 = Debug|Any CPU
		{D956BB74-9494-47F7-8A82-96D1A3EB229E}.Release|Any CPU.ActiveCfg = Release|Any CPU
		{D956BB74-9494-47F7-8A82-96D1A3EB229E}.Release|Any CPU.Build.0 = Release|Any CPU
		{59B8DE34-9AC2-4729-8A60-AA95D938D189}.Debug|Any CPU.ActiveCfg = Debug|Any CPU
		{59B8DE34-9AC2-4729-8A60-AA95D938D189}.Debug|Any CPU.Build.0 = Debug|Any CPU
		{59B8DE34-9AC2-4729-8A60-AA95D938D189}.Release|Any CPU.ActiveCfg = Release|Any CPU
		{59B8DE34-9AC2-4729-8A60-AA95D938D189}.Release|Any CPU.Build.0 = Release|Any CPU
		{F514D2EB-2FC2-4561-8C4E-4459C7C6C979}.Debug|Any CPU.ActiveCfg = Debug|Any CPU
		{F514D2EB-2FC2-4561-8C4E-4459C7C6C979}.Debug|Any CPU.Build.0 = Debug|Any CPU
		{F514D2EB-2FC2-4561-8C4E-4459C7C6C979}.Release|Any CPU.ActiveCfg = Release|Any CPU
		{F514D2EB-2FC2-4561-8C4E-4459C7C6C979}.Release|Any CPU.Build.0 = Release|Any CPU
	EndGlobalSection
	GlobalSection(SolutionProperties) = preSolution
		HideSolutionNode = FALSE
	EndGlobalSection
	GlobalSection(ExtensibilityGlobals) = postSolution
		SolutionGuid = {5E3F6536-2466-47D7-86EE-957FAECF06A8}
	EndGlobalSection
EndGlobal
